
Microsoft Visual Studio Solution File, Format Version 12.00
# Visual Studio Version 17
VisualStudioVersion = 17.11.35303.130
MinimumVisualStudioVersion = 10.0.40219.1
Project("{FAE04EC0-301F-11D3-BF4B-00C04F79EFBC}") = "sharplab002", "sharplab002\sharplab002.csproj", "{5C5CBD3E-9DD4-414F-AAC0-42640AAADFD3}"
EndProject
Project("{FAE04EC0-301F-11D3-BF4B-00C04F79EFBC}") = "task2", "task2\task2.csproj", "{75B6425C-DD01-45A7-BB95-D95BAE64907A}"
EndProject
Project("{FAE04EC0-301F-11D3-BF4B-00C04F79EFBC}") = "task3", "task3\task3.csproj", "{D3A66D7F-3C3E-4392-A064-A5A3EDB3B530}"
EndProject
Global
	GlobalSection(SolutionConfigurationPlatforms) = preSolution
		Debug|Any CPU = Debug|Any CPU
		Release|Any CPU = Release|Any CPU
	EndGlobalSection
	GlobalSection(ProjectConfigurationPlatforms) = postSolution
		{5C5CBD3E-9DD4-414F-AAC0-42640AAADFD3}.Debug|Any CPU.ActiveCfg = Debug|Any CPU
		{5C5CBD3E-9DD4-414F-AAC0-42640AAADFD3}.Debug|Any CPU.Build.0 = Debug|Any CPU
		{5C5CBD3E-9DD4-414F-AAC0-42640AAADFD3}.Release|Any CPU.ActiveCfg = Release|Any CPU
		{5C5CBD3E-9DD4-414F-AAC0-42640AAADFD3}.Release|Any CPU.Build.0 = Release|Any CPU
		{75B6425C-DD01-45A7-BB95-D95BAE64907A}.Debug|Any CPU.ActiveCfg = Debug|Any CPU
		{75B6425C-DD01-45A7-BB95-D95BAE64907A}.Debug|Any CPU.Build.0 = Debug|Any CPU
		{75B6425C-DD01-45A7-BB95-D95BAE64907A}.Release|Any CPU.ActiveCfg = Release|Any CPU
		{75B6425C-DD01-45A7-BB95-D95BAE64907A}.Release|Any CPU.Build.0 = Release|Any CPU
		{D3A66D7F-3C3E-4392-A064-A5A3EDB3B530}.Debug|Any CPU.ActiveCfg = Debug|Any CPU
		{D3A66D7F-3C3E-4392-A064-A5A3EDB3B530}.Debug|Any CPU.Build.0 = Debug|Any CPU
		{D3A66D7F-3C3E-4392-A064-A5A3EDB3B530}.Release|Any CPU.ActiveCfg = Release|Any CPU
		{D3A66D7F-3C3E-4392-A064-A5A3EDB3B530}.Release|Any CPU.Build.0 = Release|Any CPU
	EndGlobalSection
	GlobalSection(SolutionProperties) = preSolution
		HideSolutionNode = FALSE
	EndGlobalSection
	GlobalSection(ExtensibilityGlobals) = postSolution
		SolutionGuid = {5467EAB7-2974-4E5C-9705-D3FFC58A0AE3}
	EndGlobalSection
EndGlobal
